// !$*UTF8*$!
{
	archiveVersion = 1;
	classes = {
	};
	objectVersion = 54;
	objects = {

/* Begin PBXBuildFile section */
		336F1E32EB5C9A0AAA66C025 /* Pods_JoggingTracker.framework in Frameworks */ = {isa = PBXBuildFile; fileRef = 945E49DCDF3FB9213032B66E /* Pods_JoggingTracker.framework */; };
		4D19A6112588219B0066361C /* DebugViewController.swift in Sources */ = {isa = PBXBuildFile; fileRef = 4D19A6102588219B0066361C /* DebugViewController.swift */; };
		4D24DF582589478200123CE7 /* CoreData.xcdatamodeld in Sources */ = {isa = PBXBuildFile; fileRef = 4D24DF562589478100123CE7 /* CoreData.xcdatamodeld */; };
		4D24DF5B25894FCF00123CE7 /* RunsListViewController.swift in Sources */ = {isa = PBXBuildFile; fileRef = 4D24DF5A25894FCF00123CE7 /* RunsListViewController.swift */; };
		4D24DF5E2589507800123CE7 /* NewRunViewController.swift in Sources */ = {isa = PBXBuildFile; fileRef = 4D24DF5D2589507800123CE7 /* NewRunViewController.swift */; };
		4D24DF63258961F500123CE7 /* UnitExtensions.swift in Sources */ = {isa = PBXBuildFile; fileRef = 4D24DF62258961F500123CE7 /* UnitExtensions.swift */; };
		4D24DF662589623700123CE7 /* FormatDisplay.swift in Sources */ = {isa = PBXBuildFile; fileRef = 4D24DF652589623700123CE7 /* FormatDisplay.swift */; };
		4D24DF692589627A00123CE7 /* LocationManager.swift in Sources */ = {isa = PBXBuildFile; fileRef = 4D24DF682589627900123CE7 /* LocationManager.swift */; };
		4D24DF6E2589688900123CE7 /* CoreDataStack.swift in Sources */ = {isa = PBXBuildFile; fileRef = 4D24DF6D2589688900123CE7 /* CoreDataStack.swift */; };
		4D32D8662590057B0083B48C /* GoogleService-Info.plist in Resources */ = {isa = PBXBuildFile; fileRef = 4D32D8652590057B0083B48C /* GoogleService-Info.plist */; };
		4D4C91042592843000549A83 /* Notification.apns in Resources */ = {isa = PBXBuildFile; fileRef = 4D4C91032592843000549A83 /* Notification.apns */; };
		4D53239F2591EB1B00407229 /* NativeWebSocket.swift in Sources */ = {isa = PBXBuildFile; fileRef = 4D53239E2591EB1B00407229 /* NativeWebSocket.swift */; };
		4DFFAB3D258814A50074784C /* AppDelegate.swift in Sources */ = {isa = PBXBuildFile; fileRef = 4DFFAB3C258814A50074784C /* AppDelegate.swift */; };
		4DFFAB3F258814A50074784C /* SceneDelegate.swift in Sources */ = {isa = PBXBuildFile; fileRef = 4DFFAB3E258814A50074784C /* SceneDelegate.swift */; };
		4DFFAB41258814A50074784C /* ViewController.swift in Sources */ = {isa = PBXBuildFile; fileRef = 4DFFAB40258814A50074784C /* ViewController.swift */; };
		4DFFAB44258814A50074784C /* Main.storyboard in Resources */ = {isa = PBXBuildFile; fileRef = 4DFFAB42258814A50074784C /* Main.storyboard */; };
		4DFFAB46258814A60074784C /* Assets.xcassets in Resources */ = {isa = PBXBuildFile; fileRef = 4DFFAB45258814A60074784C /* Assets.xcassets */; };
		4DFFAB49258814A60074784C /* LaunchScreen.storyboard in Resources */ = {isa = PBXBuildFile; fileRef = 4DFFAB47258814A60074784C /* LaunchScreen.storyboard */; };
/* End PBXBuildFile section */

/* Begin PBXFileReference section */
		3250534FA61A6D56557BD59E /* Pods-JoggingTracker.release.xcconfig */ = {isa = PBXFileReference; includeInIndex = 1; lastKnownFileType = text.xcconfig; name = "Pods-JoggingTracker.release.xcconfig"; path = "Target Support Files/Pods-JoggingTracker/Pods-JoggingTracker.release.xcconfig"; sourceTree = "<group>"; };
		4D19A6102588219B0066361C /* DebugViewController.swift */ = {isa = PBXFileReference; lastKnownFileType = sourcecode.swift; path = DebugViewController.swift; sourceTree = "<group>"; };
		4D24C5512592557500ECCD2A /* JoggingTracker.entitlements */ = {isa = PBXFileReference; lastKnownFileType = text.plist.entitlements; path = JoggingTracker.entitlements; sourceTree = "<group>"; };
		4D24DF572589478200123CE7 /* CoreData.xcdatamodel */ = {isa = PBXFileReference; lastKnownFileType = wrapper.xcdatamodel; path = CoreData.xcdatamodel; sourceTree = "<group>"; };
		4D24DF5A25894FCF00123CE7 /* RunsListViewController.swift */ = {isa = PBXFileReference; lastKnownFileType = sourcecode.swift; path = RunsListViewController.swift; sourceTree = "<group>"; };
		4D24DF5D2589507800123CE7 /* NewRunViewController.swift */ = {isa = PBXFileReference; lastKnownFileType = sourcecode.swift; path = NewRunViewController.swift; sourceTree = "<group>"; };
		4D24DF62258961F500123CE7 /* UnitExtensions.swift */ = {isa = PBXFileReference; lastKnownFileType = sourcecode.swift; path = UnitExtensions.swift; sourceTree = "<group>"; };
		4D24DF652589623700123CE7 /* FormatDisplay.swift */ = {isa = PBXFileReference; lastKnownFileType = sourcecode.swift; path = FormatDisplay.swift; sourceTree = "<group>"; };
		4D24DF682589627900123CE7 /* LocationManager.swift */ = {isa = PBXFileReference; lastKnownFileType = sourcecode.swift; path = LocationManager.swift; sourceTree = "<group>"; };
		4D24DF6D2589688900123CE7 /* CoreDataStack.swift */ = {isa = PBXFileReference; fileEncoding = 4; lastKnownFileType = sourcecode.swift; path = CoreDataStack.swift; sourceTree = "<group>"; };
		4D32D8652590057B0083B48C /* GoogleService-Info.plist */ = {isa = PBXFileReference; fileEncoding = 4; lastKnownFileType = text.plist.xml; path = "GoogleService-Info.plist"; sourceTree = "<group>"; };
		4D4C91032592843000549A83 /* Notification.apns */ = {isa = PBXFileReference; lastKnownFileType = text; path = Notification.apns; sourceTree = "<group>"; };
		4D53239E2591EB1B00407229 /* NativeWebSocket.swift */ = {isa = PBXFileReference; lastKnownFileType = sourcecode.swift; path = NativeWebSocket.swift; sourceTree = "<group>"; };
		4DFFAB39258814A50074784C /* JoggingTracker.app */ = {isa = PBXFileReference; explicitFileType = wrapper.application; includeInIndex = 0; path = JoggingTracker.app; sourceTree = BUILT_PRODUCTS_DIR; };
		4DFFAB3C258814A50074784C /* AppDelegate.swift */ = {isa = PBXFileReference; lastKnownFileType = sourcecode.swift; path = AppDelegate.swift; sourceTree = "<group>"; };
		4DFFAB3E258814A50074784C /* SceneDelegate.swift */ = {isa = PBXFileReference; lastKnownFileType = sourcecode.swift; path = SceneDelegate.swift; sourceTree = "<group>"; };
		4DFFAB40258814A50074784C /* ViewController.swift */ = {isa = PBXFileReference; lastKnownFileType = sourcecode.swift; path = ViewController.swift; sourceTree = "<group>"; };
		4DFFAB43258814A50074784C /* Base */ = {isa = PBXFileReference; lastKnownFileType = file.storyboard; name = Base; path = Base.lproj/Main.storyboard; sourceTree = "<group>"; };
		4DFFAB45258814A60074784C /* Assets.xcassets */ = {isa = PBXFileReference; lastKnownFileType = folder.assetcatalog; path = Assets.xcassets; sourceTree = "<group>"; };
		4DFFAB48258814A60074784C /* Base */ = {isa = PBXFileReference; lastKnownFileType = file.storyboard; name = Base; path = Base.lproj/LaunchScreen.storyboard; sourceTree = "<group>"; };
		4DFFAB4A258814A60074784C /* Info.plist */ = {isa = PBXFileReference; lastKnownFileType = text.plist.xml; path = Info.plist; sourceTree = "<group>"; };
		8CC61419A09C99D8A6C95FD6 /* Pods-JoggingTracker.debug.xcconfig */ = {isa = PBXFileReference; includeInIndex = 1; lastKnownFileType = text.xcconfig; name = "Pods-JoggingTracker.debug.xcconfig"; path = "Target Support Files/Pods-JoggingTracker/Pods-JoggingTracker.debug.xcconfig"; sourceTree = "<group>"; };
		945E49DCDF3FB9213032B66E /* Pods_JoggingTracker.framework */ = {isa = PBXFileReference; explicitFileType = wrapper.framework; includeInIndex = 0; path = Pods_JoggingTracker.framework; sourceTree = BUILT_PRODUCTS_DIR; };
/* End PBXFileReference section */

/* Begin PBXFrameworksBuildPhase section */
		4DFFAB36258814A50074784C /* Frameworks */ = {
			isa = PBXFrameworksBuildPhase;
			buildActionMask = 2147483647;
			files = (
				336F1E32EB5C9A0AAA66C025 /* Pods_JoggingTracker.framework in Frameworks */,
			);
			runOnlyForDeploymentPostprocessing = 0;
		};
/* End PBXFrameworksBuildPhase section */

/* Begin PBXGroup section */
		4DFFAB30258814A50074784C = {
			isa = PBXGroup;
			children = (
				4DFFAB3B258814A50074784C /* JoggingTracker */,
				4DFFAB3A258814A50074784C /* Products */,
				F6BB5BA1E23BEDF3C8729E22 /* Pods */,
				B12B3A5A8F74F3269BD799A0 /* Frameworks */,
			);
			sourceTree = "<group>";
		};
		4DFFAB3A258814A50074784C /* Products */ = {
			isa = PBXGroup;
			children = (
				4DFFAB39258814A50074784C /* JoggingTracker.app */,
			);
			name = Products;
			sourceTree = "<group>";
		};
		4DFFAB3B258814A50074784C /* JoggingTracker */ = {
			isa = PBXGroup;
			children = (
				4D24C5512592557500ECCD2A /* JoggingTracker.entitlements */,
				4D32D8652590057B0083B48C /* GoogleService-Info.plist */,
				4D24DF6D2589688900123CE7 /* CoreDataStack.swift */,
				4DFFAB3C258814A50074784C /* AppDelegate.swift */,
				4DFFAB3E258814A50074784C /* SceneDelegate.swift */,
				4DFFAB40258814A50074784C /* ViewController.swift */,
				4DFFAB42258814A50074784C /* Main.storyboard */,
				4DFFAB45258814A60074784C /* Assets.xcassets */,
				4DFFAB47258814A60074784C /* LaunchScreen.storyboard */,
				4DFFAB4A258814A60074784C /* Info.plist */,
				4D19A6102588219B0066361C /* DebugViewController.swift */,
				4D24DF562589478100123CE7 /* CoreData.xcdatamodeld */,
				4D24DF5A25894FCF00123CE7 /* RunsListViewController.swift */,
				4D24DF5D2589507800123CE7 /* NewRunViewController.swift */,
				4D24DF62258961F500123CE7 /* UnitExtensions.swift */,
				4D24DF652589623700123CE7 /* FormatDisplay.swift */,
				4D24DF682589627900123CE7 /* LocationManager.swift */,
				4D53239E2591EB1B00407229 /* NativeWebSocket.swift */,
				4D4C91032592843000549A83 /* Notification.apns */,
			);
			path = JoggingTracker;
			sourceTree = "<group>";
		};
		B12B3A5A8F74F3269BD799A0 /* Frameworks */ = {
			isa = PBXGroup;
			children = (
				945E49DCDF3FB9213032B66E /* Pods_JoggingTracker.framework */,
			);
			name = Frameworks;
			sourceTree = "<group>";
		};
		F6BB5BA1E23BEDF3C8729E22 /* Pods */ = {
			isa = PBXGroup;
			children = (
				8CC61419A09C99D8A6C95FD6 /* Pods-JoggingTracker.debug.xcconfig */,
				3250534FA61A6D56557BD59E /* Pods-JoggingTracker.release.xcconfig */,
			);
			path = Pods;
			sourceTree = "<group>";
		};
/* End PBXGroup section */

/* Begin PBXNativeTarget section */
		4DFFAB38258814A50074784C /* JoggingTracker */ = {
			isa = PBXNativeTarget;
			buildConfigurationList = 4DFFAB4D258814A60074784C /* Build configuration list for PBXNativeTarget "JoggingTracker" */;
			buildPhases = (
				0C4977BA928710CAA2088E6C /* [CP] Check Pods Manifest.lock */,
				4DFFAB35258814A50074784C /* Sources */,
				4DFFAB36258814A50074784C /* Frameworks */,
				4DFFAB37258814A50074784C /* Resources */,
				31212232CCFD513A7F127445 /* [CP] Embed Pods Frameworks */,
			);
			buildRules = (
			);
			dependencies = (
			);
			name = JoggingTracker;
			productName = JoggingTracker;
			productReference = 4DFFAB39258814A50074784C /* JoggingTracker.app */;
			productType = "com.apple.product-type.application";
		};
/* End PBXNativeTarget section */

/* Begin PBXProject section */
		4DFFAB31258814A50074784C /* Project object */ = {
			isa = PBXProject;
			attributes = {
				LastSwiftUpdateCheck = 1220;
				LastUpgradeCheck = 1220;
				TargetAttributes = {
					4DFFAB38258814A50074784C = {
						CreatedOnToolsVersion = 12.2;
					};
				};
			};
			buildConfigurationList = 4DFFAB34258814A50074784C /* Build configuration list for PBXProject "JoggingTracker" */;
			compatibilityVersion = "Xcode 12.0";
			developmentRegion = en;
			hasScannedForEncodings = 0;
			knownRegions = (
				en,
				Base,
			);
			mainGroup = 4DFFAB30258814A50074784C;
			productRefGroup = 4DFFAB3A258814A50074784C /* Products */;
			projectDirPath = "";
			projectRoot = "";
			targets = (
				4DFFAB38258814A50074784C /* JoggingTracker */,
			);
		};
/* End PBXProject section */

/* Begin PBXResourcesBuildPhase section */
		4DFFAB37258814A50074784C /* Resources */ = {
			isa = PBXResourcesBuildPhase;
			buildActionMask = 2147483647;
			files = (
				4DFFAB49258814A60074784C /* LaunchScreen.storyboard in Resources */,
				4D32D8662590057B0083B48C /* GoogleService-Info.plist in Resources */,
				4DFFAB46258814A60074784C /* Assets.xcassets in Resources */,
				4DFFAB44258814A50074784C /* Main.storyboard in Resources */,
				4D4C91042592843000549A83 /* Notification.apns in Resources */,
			);
			runOnlyForDeploymentPostprocessing = 0;
		};
/* End PBXResourcesBuildPhase section */

/* Begin PBXShellScriptBuildPhase section */
		0C4977BA928710CAA2088E6C /* [CP] Check Pods Manifest.lock */ = {
			isa = PBXShellScriptBuildPhase;
			buildActionMask = 2147483647;
			files = (
			);
			inputFileListPaths = (
			);
			inputPaths = (
				"${PODS_PODFILE_DIR_PATH}/Podfile.lock",
				"${PODS_ROOT}/Manifest.lock",
			);
			name = "[CP] Check Pods Manifest.lock";
			outputFileListPaths = (
			);
			outputPaths = (
				"$(DERIVED_FILE_DIR)/Pods-JoggingTracker-checkManifestLockResult.txt",
			);
			runOnlyForDeploymentPostprocessing = 0;
			shellPath = /bin/sh;
			shellScript = "diff \"${PODS_PODFILE_DIR_PATH}/Podfile.lock\" \"${PODS_ROOT}/Manifest.lock\" > /dev/null\nif [ $? != 0 ] ; then\n    # print error to STDERR\n    echo \"error: The sandbox is not in sync with the Podfile.lock. Run 'pod install' or update your CocoaPods installation.\" >&2\n    exit 1\nfi\n# This output is used by Xcode 'outputs' to avoid re-running this script phase.\necho \"SUCCESS\" > \"${SCRIPT_OUTPUT_FILE_0}\"\n";
			showEnvVarsInLog = 0;
		};
		31212232CCFD513A7F127445 /* [CP] Embed Pods Frameworks */ = {
			isa = PBXShellScriptBuildPhase;
			buildActionMask = 2147483647;
			files = (
			);
			inputFileListPaths = (
				"${PODS_ROOT}/Target Support Files/Pods-JoggingTracker/Pods-JoggingTracker-frameworks-${CONFIGURATION}-input-files.xcfilelist",
			);
			name = "[CP] Embed Pods Frameworks";
			outputFileListPaths = (
				"${PODS_ROOT}/Target Support Files/Pods-JoggingTracker/Pods-JoggingTracker-frameworks-${CONFIGURATION}-output-files.xcfilelist",
			);
			runOnlyForDeploymentPostprocessing = 0;
			shellPath = /bin/sh;
			shellScript = "\"${PODS_ROOT}/Target Support Files/Pods-JoggingTracker/Pods-JoggingTracker-frameworks.sh\"\n";
			showEnvVarsInLog = 0;
		};
/* End PBXShellScriptBuildPhase section */

/* Begin PBXSourcesBuildPhase section */
		4DFFAB35258814A50074784C /* Sources */ = {
			isa = PBXSourcesBuildPhase;
			buildActionMask = 2147483647;
			files = (
				4D24DF5E2589507800123CE7 /* NewRunViewController.swift in Sources */,
				4DFFAB41258814A50074784C /* ViewController.swift in Sources */,
				4D24DF692589627A00123CE7 /* LocationManager.swift in Sources */,
				4DFFAB3D258814A50074784C /* AppDelegate.swift in Sources */,
				4D24DF582589478200123CE7 /* CoreData.xcdatamodeld in Sources */,
				4D19A6112588219B0066361C /* DebugViewController.swift in Sources */,
				4D53239F2591EB1B00407229 /* NativeWebSocket.swift in Sources */,
				4D24DF6E2589688900123CE7 /* CoreDataStack.swift in Sources */,
				4D24DF5B25894FCF00123CE7 /* RunsListViewController.swift in Sources */,
				4D24DF662589623700123CE7 /* FormatDisplay.swift in Sources */,
				4DFFAB3F258814A50074784C /* SceneDelegate.swift in Sources */,
				4D24DF63258961F500123CE7 /* UnitExtensions.swift in Sources */,
			);
			runOnlyForDeploymentPostprocessing = 0;
		};
/* End PBXSourcesBuildPhase section */

/* Begin PBXVariantGroup section */
		4DFFAB42258814A50074784C /* Main.storyboard */ = {
			isa = PBXVariantGroup;
			children = (
				4DFFAB43258814A50074784C /* Base */,
			);
			name = Main.storyboard;
			sourceTree = "<group>";
		};
		4DFFAB47258814A60074784C /* LaunchScreen.storyboard */ = {
			isa = PBXVariantGroup;
			children = (
				4DFFAB48258814A60074784C /* Base */,
			);
			name = LaunchScreen.storyboard;
			sourceTree = "<group>";
		};
/* End PBXVariantGroup section */

/* Begin XCBuildConfiguration section */
		4DFFAB4B258814A60074784C /* Debug */ = {
			isa = XCBuildConfiguration;
			buildSettings = {
				ALWAYS_SEARCH_USER_PATHS = NO;
				CLANG_ANALYZER_NONNULL = YES;
				CLANG_ANALYZER_NUMBER_OBJECT_CONVERSION = YES_AGGRESSIVE;
				CLANG_CXX_LANGUAGE_STANDARD = "gnu++14";
				CLANG_CXX_LIBRARY = "libc++";
				CLANG_ENABLE_MODULES = YES;
				CLANG_ENABLE_OBJC_ARC = YES;
				CLANG_ENABLE_OBJC_WEAK = YES;
				CLANG_WARN_BLOCK_CAPTURE_AUTORELEASING = YES;
				CLANG_WARN_BOOL_CONVERSION = YES;
				CLANG_WARN_COMMA = YES;
				CLANG_WARN_CONSTANT_CONVERSION = YES;
				CLANG_WARN_DEPRECATED_OBJC_IMPLEMENTATIONS = YES;
				CLANG_WARN_DIRECT_OBJC_ISA_USAGE = YES_ERROR;
				CLANG_WARN_DOCUMENTATION_COMMENTS = YES;
				CLANG_WARN_EMPTY_BODY = YES;
				CLANG_WARN_ENUM_CONVERSION = YES;
				CLANG_WARN_INFINITE_RECURSION = YES;
				CLANG_WARN_INT_CONVERSION = YES;
				CLANG_WARN_NON_LITERAL_NULL_CONVERSION = YES;
				CLANG_WARN_OBJC_IMPLICIT_RETAIN_SELF = YES;
				CLANG_WARN_OBJC_LITERAL_CONVERSION = YES;
				CLANG_WARN_OBJC_ROOT_CLASS = YES_ERROR;
				CLANG_WARN_QUOTED_INCLUDE_IN_FRAMEWORK_HEADER = YES;
				CLANG_WARN_RANGE_LOOP_ANALYSIS = YES;
				CLANG_WARN_STRICT_PROTOTYPES = YES;
				CLANG_WARN_SUSPICIOUS_MOVE = YES;
				CLANG_WARN_UNGUARDED_AVAILABILITY = YES_AGGRESSIVE;
				CLANG_WARN_UNREACHABLE_CODE = YES;
				CLANG_WARN__DUPLICATE_METHOD_MATCH = YES;
				COPY_PHASE_STRIP = NO;
				DEBUG_INFORMATION_FORMAT = dwarf;
				ENABLE_STRICT_OBJC_MSGSEND = YES;
				ENABLE_TESTABILITY = YES;
				GCC_C_LANGUAGE_STANDARD = gnu11;
				GCC_DYNAMIC_NO_PIC = NO;
				GCC_NO_COMMON_BLOCKS = YES;
				GCC_OPTIMIZATION_LEVEL = 0;
				GCC_PREPROCESSOR_DEFINITIONS = (
					"DEBUG=1",
					"$(inherited)",
				);
				GCC_WARN_64_TO_32_BIT_CONVERSION = YES;
				GCC_WARN_ABOUT_RETURN_TYPE = YES_ERROR;
				GCC_WARN_UNDECLARED_SELECTOR = YES;
				GCC_WARN_UNINITIALIZED_AUTOS = YES_AGGRESSIVE;
				GCC_WARN_UNUSED_FUNCTION = YES;
				GCC_WARN_UNUSED_VARIABLE = YES;
				IPHONEOS_DEPLOYMENT_TARGET = 14.0;
				MTL_ENABLE_DEBUG_INFO = INCLUDE_SOURCE;
				MTL_FAST_MATH = YES;
				ONLY_ACTIVE_ARCH = YES;
				SDKROOT = iphoneos;
				SWIFT_ACTIVE_COMPILATION_CONDITIONS = DEBUG;
				SWIFT_OPTIMIZATION_LEVEL = "-Onone";
			};
			name = Debug;
		};
		4DFFAB4C258814A60074784C /* Release */ = {
			isa = XCBuildConfiguration;
			buildSettings = {
				ALWAYS_SEARCH_USER_PATHS = NO;
				CLANG_ANALYZER_NONNULL = YES;
				CLANG_ANALYZER_NUMBER_OBJECT_CONVERSION = YES_AGGRESSIVE;
				CLANG_CXX_LANGUAGE_STANDARD = "gnu++14";
				CLANG_CXX_LIBRARY = "libc++";
				CLANG_ENABLE_MODULES = YES;
				CLANG_ENABLE_OBJC_ARC = YES;
				CLANG_ENABLE_OBJC_WEAK = YES;
				CLANG_WARN_BLOCK_CAPTURE_AUTORELEASING = YES;
				CLANG_WARN_BOOL_CONVERSION = YES;
				CLANG_WARN_COMMA = YES;
				CLANG_WARN_CONSTANT_CONVERSION = YES;
				CLANG_WARN_DEPRECATED_OBJC_IMPLEMENTATIONS = YES;
				CLANG_WARN_DIRECT_OBJC_ISA_USAGE = YES_ERROR;
				CLANG_WARN_DOCUMENTATION_COMMENTS = YES;
				CLANG_WARN_EMPTY_BODY = YES;
				CLANG_WARN_ENUM_CONVERSION = YES;
				CLANG_WARN_INFINITE_RECURSION = YES;
				CLANG_WARN_INT_CONVERSION = YES;
				CLANG_WARN_NON_LITERAL_NULL_CONVERSION = YES;
				CLANG_WARN_OBJC_IMPLICIT_RETAIN_SELF = YES;
				CLANG_WARN_OBJC_LITERAL_CONVERSION = YES;
				CLANG_WARN_OBJC_ROOT_CLASS = YES_ERROR;
				CLANG_WARN_QUOTED_INCLUDE_IN_FRAMEWORK_HEADER = YES;
				CLANG_WARN_RANGE_LOOP_ANALYSIS = YES;
				CLANG_WARN_STRICT_PROTOTYPES = YES;
				CLANG_WARN_SUSPICIOUS_MOVE = YES;
				CLANG_WARN_UNGUARDED_AVAILABILITY = YES_AGGRESSIVE;
				CLANG_WARN_UNREACHABLE_CODE = YES;
				CLANG_WARN__DUPLICATE_METHOD_MATCH = YES;
				COPY_PHASE_STRIP = NO;
				DEBUG_INFORMATION_FORMAT = "dwarf-with-dsym";
				ENABLE_NS_ASSERTIONS = NO;
				ENABLE_STRICT_OBJC_MSGSEND = YES;
				GCC_C_LANGUAGE_STANDARD = gnu11;
				GCC_NO_COMMON_BLOCKS = YES;
				GCC_WARN_64_TO_32_BIT_CONVERSION = YES;
				GCC_WARN_ABOUT_RETURN_TYPE = YES_ERROR;
				GCC_WARN_UNDECLARED_SELECTOR = YES;
				GCC_WARN_UNINITIALIZED_AUTOS = YES_AGGRESSIVE;
				GCC_WARN_UNUSED_FUNCTION = YES;
				GCC_WARN_UNUSED_VARIABLE = YES;
				IPHONEOS_DEPLOYMENT_TARGET = 14.0;
				MTL_ENABLE_DEBUG_INFO = NO;
				MTL_FAST_MATH = YES;
				SDKROOT = iphoneos;
				SWIFT_COMPILATION_MODE = wholemodule;
				SWIFT_OPTIMIZATION_LEVEL = "-O";
				VALIDATE_PRODUCT = YES;
			};
			name = Release;
		};
		4DFFAB4E258814A60074784C /* Debug */ = {
			isa = XCBuildConfiguration;
			baseConfigurationReference = 8CC61419A09C99D8A6C95FD6 /* Pods-JoggingTracker.debug.xcconfig */;
			buildSettings = {
				ASSETCATALOG_COMPILER_APPICON_NAME = AppIcon;
				ASSETCATALOG_COMPILER_GLOBAL_ACCENT_COLOR_NAME = AccentColor;
				CODE_SIGN_ENTITLEMENTS = JoggingTracker/JoggingTracker.entitlements;
				CODE_SIGN_STYLE = Automatic;
				DEVELOPMENT_TEAM = MGA58Y526H;
				INFOPLIST_FILE = JoggingTracker/Info.plist;
				IPHONEOS_DEPLOYMENT_TARGET = 14.0;
				LD_RUNPATH_SEARCH_PATHS = (
					"$(inherited)",
					"@executable_path/Frameworks",
				);
				ONLY_ACTIVE_ARCH = YES;
				PRODUCT_BUNDLE_IDENTIFIER = lucasgoldner.JoggingTracker;
				PRODUCT_NAME = "$(TARGET_NAME)";
				SWIFT_VERSION = 5.0;
				TARGETED_DEVICE_FAMILY = "1,2";
			};
			name = Debug;
		};
		4DFFAB4F258814A60074784C /* Release */ = {
			isa = XCBuildConfiguration;
			baseConfigurationReference = 3250534FA61A6D56557BD59E /* Pods-JoggingTracker.release.xcconfig */;
			buildSettings = {
				ASSETCATALOG_COMPILER_APPICON_NAME = AppIcon;
				ASSETCATALOG_COMPILER_GLOBAL_ACCENT_COLOR_NAME = AccentColor;
				CODE_SIGN_ENTITLEMENTS = JoggingTracker/JoggingTracker.entitlements;
				CODE_SIGN_STYLE = Automatic;
				DEVELOPMENT_TEAM = MGA58Y526H;
				INFOPLIST_FILE = JoggingTracker/Info.plist;
				IPHONEOS_DEPLOYMENT_TARGET = 14.0;
				LD_RUNPATH_SEARCH_PATHS = (
					"$(inherited)",
					"@executable_path/Frameworks",
				);
				ONLY_ACTIVE_ARCH = NO;
				PRODUCT_BUNDLE_IDENTIFIER = lucasgoldner.JoggingTracker;
				PRODUCT_NAME = "$(TARGET_NAME)";
				SWIFT_VERSION = 5.0;
				TARGETED_DEVICE_FAMILY = "1,2";
			};
			name = Release;
		};
/* End XCBuildConfiguration section */

/* Begin XCConfigurationList section */
		4DFFAB34258814A50074784C /* Build configuration list for PBXProject "JoggingTracker" */ = {
			isa = XCConfigurationList;
			buildConfigurations = (
				4DFFAB4B258814A60074784C /* Debug */,
				4DFFAB4C258814A60074784C /* Release */,
			);
			defaultConfigurationIsVisible = 0;
			defaultConfigurationName = Release;
		};
		4DFFAB4D258814A60074784C /* Build configuration list for PBXNativeTarget "JoggingTracker" */ = {
			isa = XCConfigurationList;
			buildConfigurations = (
				4DFFAB4E258814A60074784C /* Debug */,
				4DFFAB4F258814A60074784C /* Release */,
			);
			defaultConfigurationIsVisible = 0;
			defaultConfigurationName = Release;
		};
/* End XCConfigurationList section */

/* Begin XCVersionGroup section */
		4D24DF562589478100123CE7 /* CoreData.xcdatamodeld */ = {
			isa = XCVersionGroup;
			children = (
				4D24DF572589478200123CE7 /* CoreData.xcdatamodel */,
			);
			currentVersion = 4D24DF572589478200123CE7 /* CoreData.xcdatamodel */;
			path = CoreData.xcdatamodeld;
			sourceTree = "<group>";
			versionGroupType = wrapper.xcdatamodel;
		};
/* End XCVersionGroup section */
	};
	rootObject = 4DFFAB31258814A50074784C /* Project object */;
}
